
Microsoft Visual Studio Solution File, Format Version 12.00
# Visual Studio Version 17
VisualStudioVersion = 17.6.33712.159
MinimumVisualStudioVersion = 10.0.40219.1
Project("{FAE04EC0-301F-11D3-BF4B-00C04F79EFBC}") = "SnakobHippoMod", "SnakobHippoMod.csproj", "{EF1F16BE-B6C9-436B-923D-CBB6C02D9432}"
EndProject
Global
	GlobalSection(SolutionConfigurationPlatforms) = preSolution
		Debug|Any CPU = Debug|Any CPU
		Release|Any CPU = Release|Any CPU
	EndGlobalSection
	GlobalSection(ProjectConfigurationPlatforms) = postSolution
		{EF1F16BE-B6C9-436B-923D-CBB6C02D9432}.Debug|Any CPU.ActiveCfg = Debug|Any CPU
		{EF1F16BE-B6C9-436B-923D-CBB6C02D9432}.Debug|Any CPU.Build.0 = Debug|Any CPU
		{EF1F16BE-B6C9-436B-923D-CBB6C02D9432}.Release|Any CPU.ActiveCfg = Release|Any CPU
		{EF1F16BE-B6C9-436B-923D-CBB6C02D9432}.Release|Any CPU.Build.0 = Release|Any CPU
	EndGlobalSection
	GlobalSection(SolutionProperties) = preSolution
		HideSolutionNode = FALSE
	EndGlobalSection
	GlobalSection(ExtensibilityGlobals) = postSolution
		SolutionGuid = {1A3DF211-249A-4FE2-93FC-093A9C0B9956}
	EndGlobalSection
EndGlobal
